
Microsoft Visual Studio Solution File, Format Version 12.00
# Visual Studio 2013
VisualStudioVersion = 12.0.30723.0
MinimumVisualStudioVersion = 10.0.40219.1
Project("{8BC9CEB8-8B4A-11D0-8D11-00A0C91BC942}") = "Sample", "Sample\Sample.vcxproj", "{BE76193D-9518-4E82-BCAF-338A1877C521}"
	ProjectSection(ProjectDependencies) = postProject
		{F6A93F0C-96C0-4EAD-A332-A4B535B0F194} = {F6A93F0C-96C0-4EAD-A332-A4B535B0F194}
		{5228BB4A-E623-4D18-A69C-9CB01F35EC61} = {5228BB4A-E623-4D18-A69C-9CB01F35EC61}
		{42824980-1634-4C03-B90B-BC664C745F21} = {42824980-1634-4C03-B90B-BC664C745F21}
		{7FB0C08E-0423-4D64-86B5-3711503701E5} = {7FB0C08E-0423-4D64-86B5-3711503701E5}
		{55B9BB92-0C01-4A78-B956-C1C25A70BCBC} = {55B9BB92-0C01-4A78-B956-C1C25A70BCBC}
		{187E789A-80A5-4E08-A82C-171B819C82C9} = {187E789A-80A5-4E08-A82C-171B819C82C9}
		{925E8D9D-F4BB-431C-BE63-5F95F6CCC460} = {925E8D9D-F4BB-431C-BE63-5F95F6CCC460}
		{A22CB5C2-AD96-4A7A-BDDB-E9DFE61E037B} = {A22CB5C2-AD96-4A7A-BDDB-E9DFE61E037B}
		{5A0B62E0-DF0D-409F-A777-F26FFBE81D95} = {5A0B62E0-DF0D-409F-A777-F26FFBE81D95}
	EndProjectSection
EndProject
Project("{8BC9CEB8-8B4A-11D0-8D11-00A0C91BC942}") = "GetAC", "GetAC\GetAC.vcxproj", "{187E789A-80A5-4E08-A82C-171B819C82C9}"
	ProjectSection(ProjectDependencies) = postProject
		{925E8D9D-F4BB-431C-BE63-5F95F6CCC460} = {925E8D9D-F4BB-431C-BE63-5F95F6CCC460}
	EndProjectSection
EndProject
Project("{8BC9CEB8-8B4A-11D0-8D11-00A0C91BC942}") = "CmLib", "CmLib\CmLib.vcxproj", "{925E8D9D-F4BB-431C-BE63-5F95F6CCC460}"
EndProject
Project("{8BC9CEB8-8B4A-11D0-8D11-00A0C91BC942}") = "GetFT", "GetFT\GetFT.vcxproj", "{7FB0C08E-0423-4D64-86B5-3711503701E5}"
	ProjectSection(ProjectDependencies) = postProject
		{925E8D9D-F4BB-431C-BE63-5F95F6CCC460} = {925E8D9D-F4BB-431C-BE63-5F95F6CCC460}
	EndProjectSection
EndProject
Project("{8BC9CEB8-8B4A-11D0-8D11-00A0C91BC942}") = "GetGC", "GetGC\GetGC.vcxproj", "{42824980-1634-4C03-B90B-BC664C745F21}"
	ProjectSection(ProjectDependencies) = postProject
		{925E8D9D-F4BB-431C-BE63-5F95F6CCC460} = {925E8D9D-F4BB-431C-BE63-5F95F6CCC460}
	EndProjectSection
EndProject
Project("{8BC9CEB8-8B4A-11D0-8D11-00A0C91BC942}") = "GetHC", "GetHC\GetHC.vcxproj", "{55B9BB92-0C01-4A78-B956-C1C25A70BCBC}"
	ProjectSection(ProjectDependencies) = postProject
		{925E8D9D-F4BB-431C-BE63-5F95F6CCC460} = {925E8D9D-F4BB-431C-BE63-5F95F6CCC460}
	EndProjectSection
EndProject
Project("{8BC9CEB8-8B4A-11D0-8D11-00A0C91BC942}") = "GetRC", "GetRC\GetRC.vcxproj", "{5A0B62E0-DF0D-409F-A777-F26FFBE81D95}"
	ProjectSection(ProjectDependencies) = postProject
		{925E8D9D-F4BB-431C-BE63-5F95F6CCC460} = {925E8D9D-F4BB-431C-BE63-5F95F6CCC460}
	EndProjectSection
EndProject
Project("{8BC9CEB8-8B4A-11D0-8D11-00A0C91BC942}") = "GU", "GU\GU.vcxproj", "{5228BB4A-E623-4D18-A69C-9CB01F35EC61}"
	ProjectSection(ProjectDependencies) = postProject
		{925E8D9D-F4BB-431C-BE63-5F95F6CCC460} = {925E8D9D-F4BB-431C-BE63-5F95F6CCC460}
	EndProjectSection
EndProject
Project("{8BC9CEB8-8B4A-11D0-8D11-00A0C91BC942}") = "MSS", "MSS\MSS.vcxproj", "{F6A93F0C-96C0-4EAD-A332-A4B535B0F194}"
	ProjectSection(ProjectDependencies) = postProject
		{925E8D9D-F4BB-431C-BE63-5F95F6CCC460} = {925E8D9D-F4BB-431C-BE63-5F95F6CCC460}
	EndProjectSection
EndProject
Project("{8BC9CEB8-8B4A-11D0-8D11-00A0C91BC942}") = "GMR", "GMR\GMR.vcxproj", "{A22CB5C2-AD96-4A7A-BDDB-E9DFE61E037B}"
	ProjectSection(ProjectDependencies) = postProject
		{925E8D9D-F4BB-431C-BE63-5F95F6CCC460} = {925E8D9D-F4BB-431C-BE63-5F95F6CCC460}
	EndProjectSection
EndProject
Global
	GlobalSection(SolutionConfigurationPlatforms) = preSolution
		Debug|Win32 = Debug|Win32
		Debug|x64 = Debug|x64
		Release|Win32 = Release|Win32
		Release|x64 = Release|x64
	EndGlobalSection
	GlobalSection(ProjectConfigurationPlatforms) = postSolution
		{BE76193D-9518-4E82-BCAF-338A1877C521}.Debug|Win32.ActiveCfg = Debug|Win32
		{BE76193D-9518-4E82-BCAF-338A1877C521}.Debug|Win32.Build.0 = Debug|Win32
		{BE76193D-9518-4E82-BCAF-338A1877C521}.Debug|x64.ActiveCfg = Debug|x64
		{BE76193D-9518-4E82-BCAF-338A1877C521}.Debug|x64.Build.0 = Debug|x64
		{BE76193D-9518-4E82-BCAF-338A1877C521}.Release|Win32.ActiveCfg = Release|Win32
		{BE76193D-9518-4E82-BCAF-338A1877C521}.Release|Win32.Build.0 = Release|Win32
		{BE76193D-9518-4E82-BCAF-338A1877C521}.Release|x64.ActiveCfg = Release|x64
		{BE76193D-9518-4E82-BCAF-338A1877C521}.Release|x64.Build.0 = Release|x64
		{187E789A-80A5-4E08-A82C-171B819C82C9}.Debug|Win32.ActiveCfg = Debug|x64
		{187E789A-80A5-4E08-A82C-171B819C82C9}.Debug|x64.ActiveCfg = Debug|x64
		{187E789A-80A5-4E08-A82C-171B819C82C9}.Debug|x64.Build.0 = Debug|x64
		{187E789A-80A5-4E08-A82C-171B819C82C9}.Release|Win32.ActiveCfg = Release|x64
		{187E789A-80A5-4E08-A82C-171B819C82C9}.Release|x64.ActiveCfg = Release|x64
		{187E789A-80A5-4E08-A82C-171B819C82C9}.Release|x64.Build.0 = Release|x64
		{925E8D9D-F4BB-431C-BE63-5F95F6CCC460}.Debug|Win32.ActiveCfg = Debug|Win32
		{925E8D9D-F4BB-431C-BE63-5F95F6CCC460}.Debug|Win32.Build.0 = Debug|Win32
		{925E8D9D-F4BB-431C-BE63-5F95F6CCC460}.Debug|x64.ActiveCfg = Debug|x64
		{925E8D9D-F4BB-431C-BE63-5F95F6CCC460}.Debug|x64.Build.0 = Debug|x64
		{925E8D9D-F4BB-431C-BE63-5F95F6CCC460}.Release|Win32.ActiveCfg = Release|Win32
		{925E8D9D-F4BB-431C-BE63-5F95F6CCC460}.Release|Win32.Build.0 = Release|Win32
		{925E8D9D-F4BB-431C-BE63-5F95F6CCC460}.Release|x64.ActiveCfg = Release|x64
		{925E8D9D-F4BB-431C-BE63-5F95F6CCC460}.Release|x64.Build.0 = Release|x64
		{7FB0C08E-0423-4D64-86B5-3711503701E5}.Debug|Win32.ActiveCfg = Debug|Win32
		{7FB0C08E-0423-4D64-86B5-3711503701E5}.Debug|Win32.Build.0 = Debug|Win32
		{7FB0C08E-0423-4D64-86B5-3711503701E5}.Debug|x64.ActiveCfg = Debug|x64
		{7FB0C08E-0423-4D64-86B5-3711503701E5}.Debug|x64.Build.0 = Debug|x64
		{7FB0C08E-0423-4D64-86B5-3711503701E5}.Release|Win32.ActiveCfg = Release|Win32
		{7FB0C08E-0423-4D64-86B5-3711503701E5}.Release|Win32.Build.0 = Release|Win32
		{7FB0C08E-0423-4D64-86B5-3711503701E5}.Release|x64.ActiveCfg = Release|x64
		{7FB0C08E-0423-4D64-86B5-3711503701E5}.Release|x64.Build.0 = Release|x64
		{42824980-1634-4C03-B90B-BC664C745F21}.Debug|Win32.ActiveCfg = Debug|x64
		{42824980-1634-4C03-B90B-BC664C745F21}.Debug|x64.ActiveCfg = Debug|x64
		{42824980-1634-4C03-B90B-BC664C745F21}.Debug|x64.Build.0 = Debug|x64
		{42824980-1634-4C03-B90B-BC664C745F21}.Release|Win32.ActiveCfg = Release|x64
		{42824980-1634-4C03-B90B-BC664C745F21}.Release|x64.ActiveCfg = Release|x64
		{42824980-1634-4C03-B90B-BC664C745F21}.Release|x64.Build.0 = Release|x64
		{55B9BB92-0C01-4A78-B956-C1C25A70BCBC}.Debug|Win32.ActiveCfg = Debug|x64
		{55B9BB92-0C01-4A78-B956-C1C25A70BCBC}.Debug|x64.ActiveCfg = Debug|x64
		{55B9BB92-0C01-4A78-B956-C1C25A70BCBC}.Debug|x64.Build.0 = Debug|x64
		{55B9BB92-0C01-4A78-B956-C1C25A70BCBC}.Release|Win32.ActiveCfg = Release|x64
		{55B9BB92-0C01-4A78-B956-C1C25A70BCBC}.Release|x64.ActiveCfg = Release|x64
		{55B9BB92-0C01-4A78-B956-C1C25A70BCBC}.Release|x64.Build.0 = Release|x64
		{5A0B62E0-DF0D-409F-A777-F26FFBE81D95}.Debug|Win32.ActiveCfg = Debug|x64
		{5A0B62E0-DF0D-409F-A777-F26FFBE81D95}.Debug|x64.ActiveCfg = Debug|x64
		{5A0B62E0-DF0D-409F-A777-F26FFBE81D95}.Debug|x64.Build.0 = Debug|x64
		{5A0B62E0-DF0D-409F-A777-F26FFBE81D95}.Release|Win32.ActiveCfg = Release|x64
		{5A0B62E0-DF0D-409F-A777-F26FFBE81D95}.Release|x64.ActiveCfg = Release|x64
		{5A0B62E0-DF0D-409F-A777-F26FFBE81D95}.Release|x64.Build.0 = Release|x64
		{5228BB4A-E623-4D18-A69C-9CB01F35EC61}.Debug|Win32.ActiveCfg = Debug|x64
		{5228BB4A-E623-4D18-A69C-9CB01F35EC61}.Debug|x64.ActiveCfg = Debug|x64
		{5228BB4A-E623-4D18-A69C-9CB01F35EC61}.Debug|x64.Build.0 = Debug|x64
		{5228BB4A-E623-4D18-A69C-9CB01F35EC61}.Release|Win32.ActiveCfg = Release|x64
		{5228BB4A-E623-4D18-A69C-9CB01F35EC61}.Release|x64.ActiveCfg = Release|x64
		{5228BB4A-E623-4D18-A69C-9CB01F35EC61}.Release|x64.Build.0 = Release|x64
		{F6A93F0C-96C0-4EAD-A332-A4B535B0F194}.Debug|Win32.ActiveCfg = Debug|x64
		{F6A93F0C-96C0-4EAD-A332-A4B535B0F194}.Debug|x64.ActiveCfg = Debug|x64
		{F6A93F0C-96C0-4EAD-A332-A4B535B0F194}.Debug|x64.Build.0 = Debug|x64
		{F6A93F0C-96C0-4EAD-A332-A4B535B0F194}.Release|Win32.ActiveCfg = Release|x64
		{F6A93F0C-96C0-4EAD-A332-A4B535B0F194}.Release|x64.ActiveCfg = Release|x64
		{F6A93F0C-96C0-4EAD-A332-A4B535B0F194}.Release|x64.Build.0 = Release|x64
		{A22CB5C2-AD96-4A7A-BDDB-E9DFE61E037B}.Debug|Win32.ActiveCfg = Debug|x64
		{A22CB5C2-AD96-4A7A-BDDB-E9DFE61E037B}.Debug|x64.ActiveCfg = Debug|x64
		{A22CB5C2-AD96-4A7A-BDDB-E9DFE61E037B}.Debug|x64.Build.0 = Debug|x64
		{A22CB5C2-AD96-4A7A-BDDB-E9DFE61E037B}.Release|Win32.ActiveCfg = Release|x64
		{A22CB5C2-AD96-4A7A-BDDB-E9DFE61E037B}.Release|x64.ActiveCfg = Release|x64
		{A22CB5C2-AD96-4A7A-BDDB-E9DFE61E037B}.Release|x64.Build.0 = Release|x64
	EndGlobalSection
	GlobalSection(SolutionProperties) = preSolution
		HideSolutionNode = FALSE
	EndGlobalSection
EndGlobal
